// !$*UTF8*$!
{
	archiveVersion = 1;
	classes = {
	};
	objectVersion = 46;
	objects = {

/* Begin PBXBuildFile section */
		6910726D1C9C8032008070B5 /* main.m in Sources */ = {isa = PBXBuildFile; fileRef = 6910726C1C9C8032008070B5 /* main.m */; };
		691072701C9C8032008070B5 /* AppDelegate.m in Sources */ = {isa = PBXBuildFile; fileRef = 6910726F1C9C8032008070B5 /* AppDelegate.m */; };
		691072761C9C8032008070B5 /* Main.storyboard in Resources */ = {isa = PBXBuildFile; fileRef = 691072741C9C8032008070B5 /* Main.storyboard */; };
		691072781C9C8032008070B5 /* Assets.xcassets in Resources */ = {isa = PBXBuildFile; fileRef = 691072771C9C8032008070B5 /* Assets.xcassets */; };
		6910727B1C9C8032008070B5 /* LaunchScreen.storyboard in Resources */ = {isa = PBXBuildFile; fileRef = 691072791C9C8032008070B5 /* LaunchScreen.storyboard */; };
		691072861C9C8032008070B5 /* RatefinderTests.m in Sources */ = {isa = PBXBuildFile; fileRef = 691072851C9C8032008070B5 /* RatefinderTests.m */; };
		691072911C9C8032008070B5 /* RatefinderUITests.m in Sources */ = {isa = PBXBuildFile; fileRef = 691072901C9C8032008070B5 /* RatefinderUITests.m */; };
		691072A01C9C851C008070B5 /* RFSitesViewController.m in Sources */ = {isa = PBXBuildFile; fileRef = 6910729F1C9C851C008070B5 /* RFSitesViewController.m */; };
		691072A41C9C8D9A008070B5 /* RFPersonsViewController.m in Sources */ = {isa = PBXBuildFile; fileRef = 691072A31C9C8D9A008070B5 /* RFPersonsViewController.m */; };
		691072AC1CA05602008070B5 /* RFRepository.m in Sources */ = {isa = PBXBuildFile; fileRef = 691072AB1CA05602008070B5 /* RFRepository.m */; };
		691072B11CA12B63008070B5 /* RFPerson.m in Sources */ = {isa = PBXBuildFile; fileRef = 691072B01CA12B63008070B5 /* RFPerson.m */; };
		691072B41CA12C34008070B5 /* RFSite.m in Sources */ = {isa = PBXBuildFile; fileRef = 691072B31CA12C34008070B5 /* RFSite.m */; };
		6976B5F51CA2D90100EA5BC7 /* RFDateViewController.m in Sources */ = {isa = PBXBuildFile; fileRef = 6976B5F41CA2D90100EA5BC7 /* RFDateViewController.m */; };
		6976B5F91CA3185A00EA5BC7 /* RFRateWithDate.m in Sources */ = {isa = PBXBuildFile; fileRef = 6976B5F81CA3185A00EA5BC7 /* RFRateWithDate.m */; };
		6976B5FD1CA31B2A00EA5BC7 /* RFRatesWithDatesViewController.m in Sources */ = {isa = PBXBuildFile; fileRef = 6976B5FC1CA31B2A00EA5BC7 /* RFRatesWithDatesViewController.m */; };
		697F4D5F1CA163DB000189D9 /* RFPersonWithRate.m in Sources */ = {isa = PBXBuildFile; fileRef = 697F4D5E1CA163DB000189D9 /* RFPersonWithRate.m */; };
		69DA29731CA96E60008751C2 /* Persons.json in Resources */ = {isa = PBXBuildFile; fileRef = 69DA29721CA96E60008751C2 /* Persons.json */; };
		69DA29751CA97035008751C2 /* Sites.json in Resources */ = {isa = PBXBuildFile; fileRef = 69DA29741CA97035008751C2 /* Sites.json */; };
		69DA297C1CA976A1008751C2 /* RFDatabaseConnection.m in Sources */ = {isa = PBXBuildFile; fileRef = 69DA297B1CA976A1008751C2 /* RFDatabaseConnection.m */; };
		69DA29811CAAE709008751C2 /* PersonsWithRatesOnCurrentSite.json in Resources */ = {isa = PBXBuildFile; fileRef = 69DA29801CAAE709008751C2 /* PersonsWithRatesOnCurrentSite.json */; };
		69DA29831CAAE7BA008751C2 /* RatesOfCurrentPersonWithDatesOnCurrentSite.json in Resources */ = {isa = PBXBuildFile; fileRef = 69DA29821CAAE7BA008751C2 /* RatesOfCurrentPersonWithDatesOnCurrentSite.json */; };
/* End PBXBuildFile section */

/* Begin PBXContainerItemProxy section */
		691072821C9C8032008070B5 /* PBXContainerItemProxy */ = {
			isa = PBXContainerItemProxy;
			containerPortal = 691072601C9C8031008070B5 /* Project object */;
			proxyType = 1;
			remoteGlobalIDString = 691072671C9C8032008070B5;
			remoteInfo = Ratefinder;
		};
		6910728D1C9C8032008070B5 /* PBXContainerItemProxy */ = {
			isa = PBXContainerItemProxy;
			containerPortal = 691072601C9C8031008070B5 /* Project object */;
			proxyType = 1;
			remoteGlobalIDString = 691072671C9C8032008070B5;
			remoteInfo = Ratefinder;
		};
/* End PBXContainerItemProxy section */

/* Begin PBXFileReference section */
		691072681C9C8032008070B5 /* Ratefinder.app */ = {isa = PBXFileReference; explicitFileType = wrapper.application; includeInIndex = 0; path = Ratefinder.app; sourceTree = BUILT_PRODUCTS_DIR; };
		6910726C1C9C8032008070B5 /* main.m */ = {isa = PBXFileReference; lastKnownFileType = sourcecode.c.objc; path = main.m; sourceTree = "<group>"; };
		6910726E1C9C8032008070B5 /* AppDelegate.h */ = {isa = PBXFileReference; lastKnownFileType = sourcecode.c.h; path = AppDelegate.h; sourceTree = "<group>"; };
		6910726F1C9C8032008070B5 /* AppDelegate.m */ = {isa = PBXFileReference; lastKnownFileType = sourcecode.c.objc; path = AppDelegate.m; sourceTree = "<group>"; };
		691072751C9C8032008070B5 /* Base */ = {isa = PBXFileReference; lastKnownFileType = file.storyboard; name = Base; path = Base.lproj/Main.storyboard; sourceTree = "<group>"; };
		691072771C9C8032008070B5 /* Assets.xcassets */ = {isa = PBXFileReference; lastKnownFileType = folder.assetcatalog; path = Assets.xcassets; sourceTree = "<group>"; };
		6910727A1C9C8032008070B5 /* Base */ = {isa = PBXFileReference; lastKnownFileType = file.storyboard; name = Base; path = Base.lproj/LaunchScreen.storyboard; sourceTree = "<group>"; };
		6910727C1C9C8032008070B5 /* Info.plist */ = {isa = PBXFileReference; lastKnownFileType = text.plist.xml; path = Info.plist; sourceTree = "<group>"; };
		691072811C9C8032008070B5 /* RatefinderTests.xctest */ = {isa = PBXFileReference; explicitFileType = wrapper.cfbundle; includeInIndex = 0; path = RatefinderTests.xctest; sourceTree = BUILT_PRODUCTS_DIR; };
		691072851C9C8032008070B5 /* RatefinderTests.m */ = {isa = PBXFileReference; lastKnownFileType = sourcecode.c.objc; path = RatefinderTests.m; sourceTree = "<group>"; };
		691072871C9C8032008070B5 /* Info.plist */ = {isa = PBXFileReference; lastKnownFileType = text.plist.xml; path = Info.plist; sourceTree = "<group>"; };
		6910728C1C9C8032008070B5 /* RatefinderUITests.xctest */ = {isa = PBXFileReference; explicitFileType = wrapper.cfbundle; includeInIndex = 0; path = RatefinderUITests.xctest; sourceTree = BUILT_PRODUCTS_DIR; };
		691072901C9C8032008070B5 /* RatefinderUITests.m */ = {isa = PBXFileReference; lastKnownFileType = sourcecode.c.objc; path = RatefinderUITests.m; sourceTree = "<group>"; };
		691072921C9C8032008070B5 /* Info.plist */ = {isa = PBXFileReference; lastKnownFileType = text.plist.xml; path = Info.plist; sourceTree = "<group>"; };
		6910729E1C9C851C008070B5 /* RFSitesViewController.h */ = {isa = PBXFileReference; fileEncoding = 4; lastKnownFileType = sourcecode.c.h; path = RFSitesViewController.h; sourceTree = "<group>"; };
		6910729F1C9C851C008070B5 /* RFSitesViewController.m */ = {isa = PBXFileReference; fileEncoding = 4; lastKnownFileType = sourcecode.c.objc; path = RFSitesViewController.m; sourceTree = "<group>"; };
		691072A21C9C8D9A008070B5 /* RFPersonsViewController.h */ = {isa = PBXFileReference; fileEncoding = 4; lastKnownFileType = sourcecode.c.h; path = RFPersonsViewController.h; sourceTree = "<group>"; };
		691072A31C9C8D9A008070B5 /* RFPersonsViewController.m */ = {isa = PBXFileReference; fileEncoding = 4; lastKnownFileType = sourcecode.c.objc; path = RFPersonsViewController.m; sourceTree = "<group>"; };
		691072AA1CA05602008070B5 /* RFRepository.h */ = {isa = PBXFileReference; fileEncoding = 4; lastKnownFileType = sourcecode.c.h; path = RFRepository.h; sourceTree = "<group>"; };
		691072AB1CA05602008070B5 /* RFRepository.m */ = {isa = PBXFileReference; fileEncoding = 4; lastKnownFileType = sourcecode.c.objc; path = RFRepository.m; sourceTree = "<group>"; };
		691072AF1CA12B63008070B5 /* RFPerson.h */ = {isa = PBXFileReference; fileEncoding = 4; lastKnownFileType = sourcecode.c.h; path = RFPerson.h; sourceTree = "<group>"; };
		691072B01CA12B63008070B5 /* RFPerson.m */ = {isa = PBXFileReference; fileEncoding = 4; lastKnownFileType = sourcecode.c.objc; path = RFPerson.m; sourceTree = "<group>"; };
		691072B21CA12C34008070B5 /* RFSite.h */ = {isa = PBXFileReference; fileEncoding = 4; lastKnownFileType = sourcecode.c.h; path = RFSite.h; sourceTree = "<group>"; };
		691072B31CA12C34008070B5 /* RFSite.m */ = {isa = PBXFileReference; fileEncoding = 4; lastKnownFileType = sourcecode.c.objc; path = RFSite.m; sourceTree = "<group>"; };
		6976B5F31CA2D90100EA5BC7 /* RFDateViewController.h */ = {isa = PBXFileReference; fileEncoding = 4; lastKnownFileType = sourcecode.c.h; path = RFDateViewController.h; sourceTree = "<group>"; };
		6976B5F41CA2D90100EA5BC7 /* RFDateViewController.m */ = {isa = PBXFileReference; fileEncoding = 4; lastKnownFileType = sourcecode.c.objc; path = RFDateViewController.m; sourceTree = "<group>"; };
		6976B5F71CA3185A00EA5BC7 /* RFRateWithDate.h */ = {isa = PBXFileReference; fileEncoding = 4; lastKnownFileType = sourcecode.c.h; path = RFRateWithDate.h; sourceTree = "<group>"; };
		6976B5F81CA3185A00EA5BC7 /* RFRateWithDate.m */ = {isa = PBXFileReference; fileEncoding = 4; lastKnownFileType = sourcecode.c.objc; path = RFRateWithDate.m; sourceTree = "<group>"; };
		6976B5FB1CA31B2A00EA5BC7 /* RFRatesWithDatesViewController.h */ = {isa = PBXFileReference; fileEncoding = 4; lastKnownFileType = sourcecode.c.h; path = RFRatesWithDatesViewController.h; sourceTree = "<group>"; };
		6976B5FC1CA31B2A00EA5BC7 /* RFRatesWithDatesViewController.m */ = {isa = PBXFileReference; fileEncoding = 4; lastKnownFileType = sourcecode.c.objc; path = RFRatesWithDatesViewController.m; sourceTree = "<group>"; };
		697F4D5D1CA163DB000189D9 /* RFPersonWithRate.h */ = {isa = PBXFileReference; fileEncoding = 4; lastKnownFileType = sourcecode.c.h; path = RFPersonWithRate.h; sourceTree = "<group>"; };
		697F4D5E1CA163DB000189D9 /* RFPersonWithRate.m */ = {isa = PBXFileReference; fileEncoding = 4; lastKnownFileType = sourcecode.c.objc; path = RFPersonWithRate.m; sourceTree = "<group>"; };
		69DA29721CA96E60008751C2 /* Persons.json */ = {isa = PBXFileReference; fileEncoding = 4; lastKnownFileType = text.json; path = Persons.json; sourceTree = "<group>"; };
		69DA29741CA97035008751C2 /* Sites.json */ = {isa = PBXFileReference; fileEncoding = 4; lastKnownFileType = text.json; path = Sites.json; sourceTree = "<group>"; };
		69DA297A1CA976A1008751C2 /* RFDatabaseConnection.h */ = {isa = PBXFileReference; fileEncoding = 4; lastKnownFileType = sourcecode.c.h; path = RFDatabaseConnection.h; sourceTree = "<group>"; };
		69DA297B1CA976A1008751C2 /* RFDatabaseConnection.m */ = {isa = PBXFileReference; fileEncoding = 4; lastKnownFileType = sourcecode.c.objc; path = RFDatabaseConnection.m; sourceTree = "<group>"; };
		69DA29801CAAE709008751C2 /* PersonsWithRatesOnCurrentSite.json */ = {isa = PBXFileReference; fileEncoding = 4; lastKnownFileType = text.json; path = PersonsWithRatesOnCurrentSite.json; sourceTree = "<group>"; };
		69DA29821CAAE7BA008751C2 /* RatesOfCurrentPersonWithDatesOnCurrentSite.json */ = {isa = PBXFileReference; fileEncoding = 4; lastKnownFileType = text.json; path = RatesOfCurrentPersonWithDatesOnCurrentSite.json; sourceTree = "<group>"; };
/* End PBXFileReference section */

/* Begin PBXFrameworksBuildPhase section */
		691072651C9C8032008070B5 /* Frameworks */ = {
			isa = PBXFrameworksBuildPhase;
			buildActionMask = 2147483647;
			files = (
			);
			runOnlyForDeploymentPostprocessing = 0;
		};
		6910727E1C9C8032008070B5 /* Frameworks */ = {
			isa = PBXFrameworksBuildPhase;
			buildActionMask = 2147483647;
			files = (
			);
			runOnlyForDeploymentPostprocessing = 0;
		};
		691072891C9C8032008070B5 /* Frameworks */ = {
			isa = PBXFrameworksBuildPhase;
			buildActionMask = 2147483647;
			files = (
			);
			runOnlyForDeploymentPostprocessing = 0;
		};
/* End PBXFrameworksBuildPhase section */

/* Begin PBXGroup section */
		6910725F1C9C8031008070B5 = {
			isa = PBXGroup;
			children = (
				6910726A1C9C8032008070B5 /* Ratefinder */,
				691072841C9C8032008070B5 /* RatefinderTests */,
				6910728F1C9C8032008070B5 /* RatefinderUITests */,
				691072691C9C8032008070B5 /* Products */,
			);
			sourceTree = "<group>";
		};
		691072691C9C8032008070B5 /* Products */ = {
			isa = PBXGroup;
			children = (
				691072681C9C8032008070B5 /* Ratefinder.app */,
				691072811C9C8032008070B5 /* RatefinderTests.xctest */,
				6910728C1C9C8032008070B5 /* RatefinderUITests.xctest */,
			);
			name = Products;
			sourceTree = "<group>";
		};
		6910726A1C9C8032008070B5 /* Ratefinder */ = {
			isa = PBXGroup;
			children = (
				691072741C9C8032008070B5 /* Main.storyboard */,
				691072A11C9C856F008070B5 /* RFSitesViewController */,
				691072A51C9C8EB0008070B5 /* RFPersonsViewController */,
				6976B5F61CA2D90600EA5BC7 /* RFDateViewController */,
				6976B5FE1CA31B7800EA5BC7 /* RFRatesWithDatesViewController */,
				691072AD1CA05608008070B5 /* RFRepository */,
				6910726B1C9C8032008070B5 /* Supporting Files */,
			);
			path = Ratefinder;
			sourceTree = "<group>";
		};
		6910726B1C9C8032008070B5 /* Supporting Files */ = {
			isa = PBXGroup;
			children = (
				6910726E1C9C8032008070B5 /* AppDelegate.h */,
				6910726F1C9C8032008070B5 /* AppDelegate.m */,
				691072771C9C8032008070B5 /* Assets.xcassets */,
				691072791C9C8032008070B5 /* LaunchScreen.storyboard */,
				6910727C1C9C8032008070B5 /* Info.plist */,
				6910726C1C9C8032008070B5 /* main.m */,
			);
			name = "Supporting Files";
			sourceTree = "<group>";
		};
		691072841C9C8032008070B5 /* RatefinderTests */ = {
			isa = PBXGroup;
			children = (
				691072851C9C8032008070B5 /* RatefinderTests.m */,
				691072871C9C8032008070B5 /* Info.plist */,
			);
			path = RatefinderTests;
			sourceTree = "<group>";
		};
		6910728F1C9C8032008070B5 /* RatefinderUITests */ = {
			isa = PBXGroup;
			children = (
				691072901C9C8032008070B5 /* RatefinderUITests.m */,
				691072921C9C8032008070B5 /* Info.plist */,
			);
			path = RatefinderUITests;
			sourceTree = "<group>";
		};
		691072A11C9C856F008070B5 /* RFSitesViewController */ = {
			isa = PBXGroup;
			children = (
				6910729E1C9C851C008070B5 /* RFSitesViewController.h */,
				6910729F1C9C851C008070B5 /* RFSitesViewController.m */,
			);
			name = RFSitesViewController;
			sourceTree = "<group>";
		};
		691072A51C9C8EB0008070B5 /* RFPersonsViewController */ = {
			isa = PBXGroup;
			children = (
				691072A21C9C8D9A008070B5 /* RFPersonsViewController.h */,
				691072A31C9C8D9A008070B5 /* RFPersonsViewController.m */,
			);
			name = RFPersonsViewController;
			sourceTree = "<group>";
		};
		691072AD1CA05608008070B5 /* RFRepository */ = {
			isa = PBXGroup;
			children = (
				6976B5FA1CA3186000EA5BC7 /* RFRateWithDate */,
				697F4D5C1CA16347000189D9 /* RFPersonWithRate */,
				691072B51CA12C3C008070B5 /* RFSite */,
				691072AE1CA05A29008070B5 /* RFPerson */,
				6976B5FF1CA3D8CE00EA5BC7 /* RFRepository */,
				69DA297D1CA976A6008751C2 /* RFDatabaseConnection */,
				69DA29721CA96E60008751C2 /* Persons.json */,
				69DA29741CA97035008751C2 /* Sites.json */,
				69DA29801CAAE709008751C2 /* PersonsWithRatesOnCurrentSite.json */,
				69DA29821CAAE7BA008751C2 /* RatesOfCurrentPersonWithDatesOnCurrentSite.json */,
			);
			name = RFRepository;
			path = ..;
			sourceTree = "<group>";
		};
		691072AE1CA05A29008070B5 /* RFPerson */ = {
			isa = PBXGroup;
			children = (
				691072AF1CA12B63008070B5 /* RFPerson.h */,
				691072B01CA12B63008070B5 /* RFPerson.m */,
			);
			name = RFPerson;
			sourceTree = "<group>";
		};
		691072B51CA12C3C008070B5 /* RFSite */ = {
			isa = PBXGroup;
			children = (
				691072B21CA12C34008070B5 /* RFSite.h */,
				691072B31CA12C34008070B5 /* RFSite.m */,
			);
			name = RFSite;
			sourceTree = "<group>";
		};
		6976B5F61CA2D90600EA5BC7 /* RFDateViewController */ = {
			isa = PBXGroup;
			children = (
				6976B5F31CA2D90100EA5BC7 /* RFDateViewController.h */,
				6976B5F41CA2D90100EA5BC7 /* RFDateViewController.m */,
			);
			name = RFDateViewController;
			sourceTree = "<group>";
		};
		6976B5FA1CA3186000EA5BC7 /* RFRateWithDate */ = {
			isa = PBXGroup;
			children = (
				6976B5F71CA3185A00EA5BC7 /* RFRateWithDate.h */,
				6976B5F81CA3185A00EA5BC7 /* RFRateWithDate.m */,
			);
			name = RFRateWithDate;
			sourceTree = "<group>";
		};
		6976B5FE1CA31B7800EA5BC7 /* RFRatesWithDatesViewController */ = {
			isa = PBXGroup;
			children = (
				6976B5FB1CA31B2A00EA5BC7 /* RFRatesWithDatesViewController.h */,
				6976B5FC1CA31B2A00EA5BC7 /* RFRatesWithDatesViewController.m */,
			);
			name = RFRatesWithDatesViewController;
			sourceTree = "<group>";
		};
		6976B5FF1CA3D8CE00EA5BC7 /* RFRepository */ = {
			isa = PBXGroup;
			children = (
				691072AA1CA05602008070B5 /* RFRepository.h */,
				691072AB1CA05602008070B5 /* RFRepository.m */,
			);
			name = RFRepository;
			path = Ratefinder;
			sourceTree = "<group>";
		};
		697F4D5C1CA16347000189D9 /* RFPersonWithRate */ = {
			isa = PBXGroup;
			children = (
				697F4D5D1CA163DB000189D9 /* RFPersonWithRate.h */,
				697F4D5E1CA163DB000189D9 /* RFPersonWithRate.m */,
			);
			name = RFPersonWithRate;
			sourceTree = "<group>";
		};
		69DA297D1CA976A6008751C2 /* RFDatabaseConnection */ = {
			isa = PBXGroup;
			children = (
				69DA297A1CA976A1008751C2 /* RFDatabaseConnection.h */,
				69DA297B1CA976A1008751C2 /* RFDatabaseConnection.m */,
			);
			name = RFDatabaseConnection;
			path = Ratefinder;
			sourceTree = "<group>";
		};
/* End PBXGroup section */

/* Begin PBXNativeTarget section */
		691072671C9C8032008070B5 /* Ratefinder */ = {
			isa = PBXNativeTarget;
			buildConfigurationList = 691072951C9C8032008070B5 /* Build configuration list for PBXNativeTarget "Ratefinder" */;
			buildPhases = (
				691072641C9C8032008070B5 /* Sources */,
				691072651C9C8032008070B5 /* Frameworks */,
				691072661C9C8032008070B5 /* Resources */,
			);
			buildRules = (
			);
			dependencies = (
			);
			name = Ratefinder;
			productName = Ratefinder;
			productReference = 691072681C9C8032008070B5 /* Ratefinder.app */;
			productType = "com.apple.product-type.application";
		};
		691072801C9C8032008070B5 /* RatefinderTests */ = {
			isa = PBXNativeTarget;
			buildConfigurationList = 691072981C9C8032008070B5 /* Build configuration list for PBXNativeTarget "RatefinderTests" */;
			buildPhases = (
				6910727D1C9C8032008070B5 /* Sources */,
				6910727E1C9C8032008070B5 /* Frameworks */,
				6910727F1C9C8032008070B5 /* Resources */,
			);
			buildRules = (
			);
			dependencies = (
				691072831C9C8032008070B5 /* PBXTargetDependency */,
			);
			name = RatefinderTests;
			productName = RatefinderTests;
			productReference = 691072811C9C8032008070B5 /* RatefinderTests.xctest */;
			productType = "com.apple.product-type.bundle.unit-test";
		};
		6910728B1C9C8032008070B5 /* RatefinderUITests */ = {
			isa = PBXNativeTarget;
			buildConfigurationList = 6910729B1C9C8032008070B5 /* Build configuration list for PBXNativeTarget "RatefinderUITests" */;
			buildPhases = (
				691072881C9C8032008070B5 /* Sources */,
				691072891C9C8032008070B5 /* Frameworks */,
				6910728A1C9C8032008070B5 /* Resources */,
			);
			buildRules = (
			);
			dependencies = (
				6910728E1C9C8032008070B5 /* PBXTargetDependency */,
			);
			name = RatefinderUITests;
			productName = RatefinderUITests;
			productReference = 6910728C1C9C8032008070B5 /* RatefinderUITests.xctest */;
			productType = "com.apple.product-type.bundle.ui-testing";
		};
/* End PBXNativeTarget section */

/* Begin PBXProject section */
		691072601C9C8031008070B5 /* Project object */ = {
			isa = PBXProject;
			attributes = {
				LastUpgradeCheck = 0720;
				ORGANIZATIONNAME = "Epic Creators";
				TargetAttributes = {
					691072671C9C8032008070B5 = {
						CreatedOnToolsVersion = 7.2.1;
						DevelopmentTeam = PY3Q8L7FLF;
					};
					691072801C9C8032008070B5 = {
						CreatedOnToolsVersion = 7.2.1;
						DevelopmentTeam = PY3Q8L7FLF;
						TestTargetID = 691072671C9C8032008070B5;
					};
					6910728B1C9C8032008070B5 = {
						CreatedOnToolsVersion = 7.2.1;
						DevelopmentTeam = PY3Q8L7FLF;
						TestTargetID = 691072671C9C8032008070B5;
					};
				};
			};
			buildConfigurationList = 691072631C9C8031008070B5 /* Build configuration list for PBXProject "Ratefinder" */;
			compatibilityVersion = "Xcode 3.2";
			developmentRegion = English;
			hasScannedForEncodings = 0;
			knownRegions = (
				en,
				Base,
			);
			mainGroup = 6910725F1C9C8031008070B5;
			productRefGroup = 691072691C9C8032008070B5 /* Products */;
			projectDirPath = "";
			projectRoot = "";
			targets = (
				691072671C9C8032008070B5 /* Ratefinder */,
				691072801C9C8032008070B5 /* RatefinderTests */,
				6910728B1C9C8032008070B5 /* RatefinderUITests */,
			);
		};
/* End PBXProject section */

/* Begin PBXResourcesBuildPhase section */
		691072661C9C8032008070B5 /* Resources */ = {
			isa = PBXResourcesBuildPhase;
			buildActionMask = 2147483647;
			files = (
				6910727B1C9C8032008070B5 /* LaunchScreen.storyboard in Resources */,
				69DA29751CA97035008751C2 /* Sites.json in Resources */,
				691072781C9C8032008070B5 /* Assets.xcassets in Resources */,
				69DA29731CA96E60008751C2 /* Persons.json in Resources */,
				69DA29811CAAE709008751C2 /* PersonsWithRatesOnCurrentSite.json in Resources */,
				69DA29831CAAE7BA008751C2 /* RatesOfCurrentPersonWithDatesOnCurrentSite.json in Resources */,
				691072761C9C8032008070B5 /* Main.storyboard in Resources */,
			);
			runOnlyForDeploymentPostprocessing = 0;
		};
		6910727F1C9C8032008070B5 /* Resources */ = {
			isa = PBXResourcesBuildPhase;
			buildActionMask = 2147483647;
			files = (
			);
			runOnlyForDeploymentPostprocessing = 0;
		};
		6910728A1C9C8032008070B5 /* Resources */ = {
			isa = PBXResourcesBuildPhase;
			buildActionMask = 2147483647;
			files = (
			);
			runOnlyForDeploymentPostprocessing = 0;
		};
/* End PBXResourcesBuildPhase section */

/* Begin PBXSourcesBuildPhase section */
		691072641C9C8032008070B5 /* Sources */ = {
			isa = PBXSourcesBuildPhase;
			buildActionMask = 2147483647;
			files = (
				691072B11CA12B63008070B5 /* RFPerson.m in Sources */,
				691072A01C9C851C008070B5 /* RFSitesViewController.m in Sources */,
				69DA297C1CA976A1008751C2 /* RFDatabaseConnection.m in Sources */,
				691072A41C9C8D9A008070B5 /* RFPersonsViewController.m in Sources */,
				6976B5F51CA2D90100EA5BC7 /* RFDateViewController.m in Sources */,
				691072AC1CA05602008070B5 /* RFRepository.m in Sources */,
				6976B5F91CA3185A00EA5BC7 /* RFRateWithDate.m in Sources */,
				697F4D5F1CA163DB000189D9 /* RFPersonWithRate.m in Sources */,
				6976B5FD1CA31B2A00EA5BC7 /* RFRatesWithDatesViewController.m in Sources */,
				691072701C9C8032008070B5 /* AppDelegate.m in Sources */,
				691072B41CA12C34008070B5 /* RFSite.m in Sources */,
				6910726D1C9C8032008070B5 /* main.m in Sources */,
			);
			runOnlyForDeploymentPostprocessing = 0;
		};
		6910727D1C9C8032008070B5 /* Sources */ = {
			isa = PBXSourcesBuildPhase;
			buildActionMask = 2147483647;
			files = (
				691072861C9C8032008070B5 /* RatefinderTests.m in Sources */,
			);
			runOnlyForDeploymentPostprocessing = 0;
		};
		691072881C9C8032008070B5 /* Sources */ = {
			isa = PBXSourcesBuildPhase;
			buildActionMask = 2147483647;
			files = (
				691072911C9C8032008070B5 /* RatefinderUITests.m in Sources */,
			);
			runOnlyForDeploymentPostprocessing = 0;
		};
/* End PBXSourcesBuildPhase section */

/* Begin PBXTargetDependency section */
		691072831C9C8032008070B5 /* PBXTargetDependency */ = {
			isa = PBXTargetDependency;
			target = 691072671C9C8032008070B5 /* Ratefinder */;
			targetProxy = 691072821C9C8032008070B5 /* PBXContainerItemProxy */;
		};
		6910728E1C9C8032008070B5 /* PBXTargetDependency */ = {
			isa = PBXTargetDependency;
			target = 691072671C9C8032008070B5 /* Ratefinder */;
			targetProxy = 6910728D1C9C8032008070B5 /* PBXContainerItemProxy */;
		};
/* End PBXTargetDependency section */

/* Begin PBXVariantGroup section */
		691072741C9C8032008070B5 /* Main.storyboard */ = {
			isa = PBXVariantGroup;
			children = (
				691072751C9C8032008070B5 /* Base */,
			);
			name = Main.storyboard;
			sourceTree = "<group>";
		};
		691072791C9C8032008070B5 /* LaunchScreen.storyboard */ = {
			isa = PBXVariantGroup;
			children = (
				6910727A1C9C8032008070B5 /* Base */,
			);
			name = LaunchScreen.storyboard;
			sourceTree = "<group>";
		};
/* End PBXVariantGroup section */

/* Begin XCBuildConfiguration section */
		691072931C9C8032008070B5 /* Debug */ = {
			isa = XCBuildConfiguration;
			buildSettings = {
				ALWAYS_SEARCH_USER_PATHS = NO;
				CLANG_CXX_LANGUAGE_STANDARD = "gnu++0x";
				CLANG_CXX_LIBRARY = "libc++";
				CLANG_ENABLE_MODULES = YES;
				CLANG_ENABLE_OBJC_ARC = YES;
				CLANG_WARN_BOOL_CONVERSION = YES;
				CLANG_WARN_CONSTANT_CONVERSION = YES;
				CLANG_WARN_DIRECT_OBJC_ISA_USAGE = YES_ERROR;
				CLANG_WARN_EMPTY_BODY = YES;
				CLANG_WARN_ENUM_CONVERSION = YES;
				CLANG_WARN_INT_CONVERSION = YES;
				CLANG_WARN_OBJC_ROOT_CLASS = YES_ERROR;
				CLANG_WARN_UNREACHABLE_CODE = YES;
				CLANG_WARN__DUPLICATE_METHOD_MATCH = YES;
				"CODE_SIGN_IDENTITY[sdk=iphoneos*]" = "iPhone Developer";
				COPY_PHASE_STRIP = NO;
				DEBUG_INFORMATION_FORMAT = dwarf;
				ENABLE_STRICT_OBJC_MSGSEND = YES;
				ENABLE_TESTABILITY = YES;
				GCC_C_LANGUAGE_STANDARD = gnu99;
				GCC_DYNAMIC_NO_PIC = NO;
				GCC_NO_COMMON_BLOCKS = YES;
				GCC_OPTIMIZATION_LEVEL = 0;
				GCC_PREPROCESSOR_DEFINITIONS = (
					"DEBUG=1",
					"$(inherited)",
				);
				GCC_WARN_64_TO_32_BIT_CONVERSION = YES;
				GCC_WARN_ABOUT_RETURN_TYPE = YES_ERROR;
				GCC_WARN_UNDECLARED_SELECTOR = YES;
				GCC_WARN_UNINITIALIZED_AUTOS = YES_AGGRESSIVE;
				GCC_WARN_UNUSED_FUNCTION = YES;
				GCC_WARN_UNUSED_VARIABLE = YES;
				IPHONEOS_DEPLOYMENT_TARGET = 9.2;
				MTL_ENABLE_DEBUG_INFO = YES;
				ONLY_ACTIVE_ARCH = YES;
				SDKROOT = iphoneos;
				TARGETED_DEVICE_FAMILY = "1,2";
			};
			name = Debug;
		};
		691072941C9C8032008070B5 /* Release */ = {
			isa = XCBuildConfiguration;
			buildSettings = {
				ALWAYS_SEARCH_USER_PATHS = NO;
				CLANG_CXX_LANGUAGE_STANDARD = "gnu++0x";
				CLANG_CXX_LIBRARY = "libc++";
				CLANG_ENABLE_MODULES = YES;
				CLANG_ENABLE_OBJC_ARC = YES;
				CLANG_WARN_BOOL_CONVERSION = YES;
				CLANG_WARN_CONSTANT_CONVERSION = YES;
				CLANG_WARN_DIRECT_OBJC_ISA_USAGE = YES_ERROR;
				CLANG_WARN_EMPTY_BODY = YES;
				CLANG_WARN_ENUM_CONVERSION = YES;
				CLANG_WARN_INT_CONVERSION = YES;
				CLANG_WARN_OBJC_ROOT_CLASS = YES_ERROR;
				CLANG_WARN_UNREACHABLE_CODE = YES;
				CLANG_WARN__DUPLICATE_METHOD_MATCH = YES;
				"CODE_SIGN_IDENTITY[sdk=iphoneos*]" = "iPhone Developer";
				COPY_PHASE_STRIP = NO;
				DEBUG_INFORMATION_FORMAT = "dwarf-with-dsym";
				ENABLE_NS_ASSERTIONS = NO;
				ENABLE_STRICT_OBJC_MSGSEND = YES;
				GCC_C_LANGUAGE_STANDARD = gnu99;
				GCC_NO_COMMON_BLOCKS = YES;
				GCC_WARN_64_TO_32_BIT_CONVERSION = YES;
				GCC_WARN_ABOUT_RETURN_TYPE = YES_ERROR;
				GCC_WARN_UNDECLARED_SELECTOR = YES;
				GCC_WARN_UNINITIALIZED_AUTOS = YES_AGGRESSIVE;
				GCC_WARN_UNUSED_FUNCTION = YES;
				GCC_WARN_UNUSED_VARIABLE = YES;
				IPHONEOS_DEPLOYMENT_TARGET = 9.2;
				MTL_ENABLE_DEBUG_INFO = NO;
				SDKROOT = iphoneos;
				TARGETED_DEVICE_FAMILY = "1,2";
				VALIDATE_PRODUCT = YES;
			};
			name = Release;
		};
		691072961C9C8032008070B5 /* Debug */ = {
			isa = XCBuildConfiguration;
			buildSettings = {
				ASSETCATALOG_COMPILER_APPICON_NAME = AppIcon;
				INFOPLIST_FILE = Ratefinder/Info.plist;
				LD_RUNPATH_SEARCH_PATHS = "$(inherited) @executable_path/Frameworks";
				PRODUCT_BUNDLE_IDENTIFIER = ru.epiccreators.Ratefinder;
				PRODUCT_NAME = "$(TARGET_NAME)";
			};
			name = Debug;
		};
		691072971C9C8032008070B5 /* Release */ = {
			isa = XCBuildConfiguration;
			buildSettings = {
				ASSETCATALOG_COMPILER_APPICON_NAME = AppIcon;
				INFOPLIST_FILE = Ratefinder/Info.plist;
				LD_RUNPATH_SEARCH_PATHS = "$(inherited) @executable_path/Frameworks";
				PRODUCT_BUNDLE_IDENTIFIER = ru.epiccreators.Ratefinder;
				PRODUCT_NAME = "$(TARGET_NAME)";
			};
			name = Release;
		};
		691072991C9C8032008070B5 /* Debug */ = {
			isa = XCBuildConfiguration;
			buildSettings = {
				BUNDLE_LOADER = "$(TEST_HOST)";
				INFOPLIST_FILE = RatefinderTests/Info.plist;
				LD_RUNPATH_SEARCH_PATHS = "$(inherited) @executable_path/Frameworks @loader_path/Frameworks";
				PRODUCT_BUNDLE_IDENTIFIER = ru.epiccreators.RatefinderTests;
				PRODUCT_NAME = "$(TARGET_NAME)";
				TEST_HOST = "$(BUILT_PRODUCTS_DIR)/Ratefinder.app/Ratefinder";
			};
			name = Debug;
		};
		6910729A1C9C8032008070B5 /* Release */ = {
			isa = XCBuildConfiguration;
			buildSettings = {
				BUNDLE_LOADER = "$(TEST_HOST)";
				INFOPLIST_FILE = RatefinderTests/Info.plist;
				LD_RUNPATH_SEARCH_PATHS = "$(inherited) @executable_path/Frameworks @loader_path/Frameworks";
				PRODUCT_BUNDLE_IDENTIFIER = ru.epiccreators.RatefinderTests;
				PRODUCT_NAME = "$(TARGET_NAME)";
				TEST_HOST = "$(BUILT_PRODUCTS_DIR)/Ratefinder.app/Ratefinder";
			};
			name = Release;
		};
		6910729C1C9C8032008070B5 /* Debug */ = {
			isa = XCBuildConfiguration;
			buildSettings = {
				INFOPLIST_FILE = RatefinderUITests/Info.plist;
				LD_RUNPATH_SEARCH_PATHS = "$(inherited) @executable_path/Frameworks @loader_path/Frameworks";
				PRODUCT_BUNDLE_IDENTIFIER = ru.epiccreators.RatefinderUITests;
				PRODUCT_NAME = "$(TARGET_NAME)";
				PROVISIONING_PROFILE = "";
				TEST_TARGET_NAME = Ratefinder;
				USES_XCTRUNNER = YES;
			};
			name = Debug;
		};
		6910729D1C9C8032008070B5 /* Release */ = {
			isa = XCBuildConfiguration;
			buildSettings = {
				INFOPLIST_FILE = RatefinderUITests/Info.plist;
				LD_RUNPATH_SEARCH_PATHS = "$(inherited) @executable_path/Frameworks @loader_path/Frameworks";
				PRODUCT_BUNDLE_IDENTIFIER = ru.epiccreators.RatefinderUITests;
				PRODUCT_NAME = "$(TARGET_NAME)";
				PROVISIONING_PROFILE = "";
				TEST_TARGET_NAME = Ratefinder;
				USES_XCTRUNNER = YES;
			};
			name = Release;
		};
/* End XCBuildConfiguration section */

/* Begin XCConfigurationList section */
		691072631C9C8031008070B5 /* Build configuration list for PBXProject "Ratefinder" */ = {
			isa = XCConfigurationList;
			buildConfigurations = (
				691072931C9C8032008070B5 /* Debug */,
				691072941C9C8032008070B5 /* Release */,
			);
			defaultConfigurationIsVisible = 0;
			defaultConfigurationName = Release;
		};
		691072951C9C8032008070B5 /* Build configuration list for PBXNativeTarget "Ratefinder" */ = {
			isa = XCConfigurationList;
			buildConfigurations = (
				691072961C9C8032008070B5 /* Debug */,
				691072971C9C8032008070B5 /* Release */,
			);
			defaultConfigurationIsVisible = 0;
			defaultConfigurationName = Release;
		};
		691072981C9C8032008070B5 /* Build configuration list for PBXNativeTarget "RatefinderTests" */ = {
			isa = XCConfigurationList;
			buildConfigurations = (
				691072991C9C8032008070B5 /* Debug */,
				6910729A1C9C8032008070B5 /* Release */,
			);
			defaultConfigurationIsVisible = 0;
			defaultConfigurationName = Release;
		};
		6910729B1C9C8032008070B5 /* Build configuration list for PBXNativeTarget "RatefinderUITests" */ = {
			isa = XCConfigurationList;
			buildConfigurations = (
				6910729C1C9C8032008070B5 /* Debug */,
				6910729D1C9C8032008070B5 /* Release */,
			);
			defaultConfigurationIsVisible = 0;
			defaultConfigurationName = Release;
		};
/* End XCConfigurationList section */
	};
	rootObject = 691072601C9C8031008070B5 /* Project object */;
}
